
Microsoft Visual Studio Solution File, Format Version 12.00
# Visual Studio Version 16
VisualStudioVersion = 16.0.31229.75
MinimumVisualStudioVersion = 10.0.40219.1
Project("{9A19103F-16F7-4668-BE54-9A1E7A4F7556}") = "SUS.HTTP", "SUS.HTTP\SUS.HTTP.csproj", "{E6E1F7A5-94DE-4CE7-B6C4-A619AE6EAB9C}"
EndProject
Project("{9A19103F-16F7-4668-BE54-9A1E7A4F7556}") = "SUS.MvcFramework", "SUS.MvcFramework\SUS.MvcFramework.csproj", "{2E101FDE-9179-4CF3-9FAA-45A926B66D12}"
EndProject
Project("{2150E333-8FDC-42A3-9474-1A3956D46DE8}") = "Apps", "Apps", "{85B10075-2DD9-4DEB-A42F-75AED08B481F}"
EndProject
Project("{9A19103F-16F7-4668-BE54-9A1E7A4F7556}") = "MyFirstMvcApp", "Apps\MyFirstMvcApp\MyFirstMvcApp.csproj", "{A066F4DC-5948-4E5A-AF6E-B2E42E4C9E3E}"
EndProject
Global
	GlobalSection(SolutionConfigurationPlatforms) = preSolution
		Debug|Any CPU = Debug|Any CPU
		Release|Any CPU = Release|Any CPU
	EndGlobalSection
	GlobalSection(ProjectConfigurationPlatforms) = postSolution
		{E6E1F7A5-94DE-4CE7-B6C4-A619AE6EAB9C}.Debug|Any CPU.ActiveCfg = Debug|Any CPU
		{E6E1F7A5-94DE-4CE7-B6C4-A619AE6EAB9C}.Debug|Any CPU.Build.0 = Debug|Any CPU
		{E6E1F7A5-94DE-4CE7-B6C4-A619AE6EAB9C}.Release|Any CPU.ActiveCfg = Release|Any CPU
		{E6E1F7A5-94DE-4CE7-B6C4-A619AE6EAB9C}.Release|Any CPU.Build.0 = Release|Any CPU
		{2E101FDE-9179-4CF3-9FAA-45A926B66D12}.Debug|Any CPU.ActiveCfg = Debug|Any CPU
		{2E101FDE-9179-4CF3-9FAA-45A926B66D12}.Debug|Any CPU.Build.0 = Debug|Any CPU
		{2E101FDE-9179-4CF3-9FAA-45A926B66D12}.Release|Any CPU.ActiveCfg = Release|Any CPU
		{2E101FDE-9179-4CF3-9FAA-45A926B66D12}.Release|Any CPU.Build.0 = Release|Any CPU
		{A066F4DC-5948-4E5A-AF6E-B2E42E4C9E3E}.Debug|Any CPU.ActiveCfg = Debug|Any CPU
		{A066F4DC-5948-4E5A-AF6E-B2E42E4C9E3E}.Debug|Any CPU.Build.0 = Debug|Any CPU
		{A066F4DC-5948-4E5A-AF6E-B2E42E4C9E3E}.Release|Any CPU.ActiveCfg = Release|Any CPU
		{A066F4DC-5948-4E5A-AF6E-B2E42E4C9E3E}.Release|Any CPU.Build.0 = Release|Any CPU
	EndGlobalSection
	GlobalSection(SolutionProperties) = preSolution
		HideSolutionNode = FALSE
	EndGlobalSection
	GlobalSection(NestedProjects) = preSolution
		{A066F4DC-5948-4E5A-AF6E-B2E42E4C9E3E} = {85B10075-2DD9-4DEB-A42F-75AED08B481F}
	EndGlobalSection
	GlobalSection(ExtensibilityGlobals) = postSolution
		SolutionGuid = {DDA316A9-3E3C-4EBE-BBC4-20205ECE3EA7}
	EndGlobalSection
EndGlobal
